
Microsoft Visual Studio Solution File, Format Version 12.00
# Visual Studio Version 17
VisualStudioVersion = 17.2.32616.157
MinimumVisualStudioVersion = 10.0.40219.1
Project("{FAE04EC0-301F-11D3-BF4B-00C04F79EFBC}") = "wpf_allbaro", "wpf_allbaro\wpf_allbaro.csproj", "{0C9F4481-ABED-4D06-BA93-DC888461C937}"
EndProject
Global
	GlobalSection(SolutionConfigurationPlatforms) = preSolution
		Debug|Any CPU = Debug|Any CPU
		Release|Any CPU = Release|Any CPU
	EndGlobalSection
	GlobalSection(ProjectConfigurationPlatforms) = postSolution
		{0C9F4481-ABED-4D06-BA93-DC888461C937}.Debug|Any CPU.ActiveCfg = Debug|Any CPU
		{0C9F4481-ABED-4D06-BA93-DC888461C937}.Debug|Any CPU.Build.0 = Debug|Any CPU
		{0C9F4481-ABED-4D06-BA93-DC888461C937}.Release|Any CPU.ActiveCfg = Release|Any CPU
		{0C9F4481-ABED-4D06-BA93-DC888461C937}.Release|Any CPU.Build.0 = Release|Any CPU
	EndGlobalSection
	GlobalSection(SolutionProperties) = preSolution
		HideSolutionNode = FALSE
	EndGlobalSection
	GlobalSection(ExtensibilityGlobals) = postSolution
		SolutionGuid = {80BFD1FF-F186-46A8-95D0-DC53AE3127A8}
	EndGlobalSection
EndGlobal
